
Microsoft Visual Studio Solution File, Format Version 12.00
# Visual Studio Version 16
VisualStudioVersion = 16.0.33529.622
MinimumVisualStudioVersion = 10.0.40219.1
Project("{FAE04EC0-301F-11D3-BF4B-00C04F79EFBC}") = "aeball", "aeball\aeball.csproj", "{74B15727-DF5A-4C4B-83C5-F0AB1501A26D}"
EndProject
Project("{FAE04EC0-301F-11D3-BF4B-00C04F79EFBC}") = "Comlib", "Comlib\Comlib.csproj", "{A86511F7-4478-49E0-9F60-7EEBDA7A7149}"
EndProject
Global
	GlobalSection(SolutionConfigurationPlatforms) = preSolution
		Debug|Any CPU = Debug|Any CPU
		Release|Any CPU = Release|Any CPU
	EndGlobalSection
	GlobalSection(ProjectConfigurationPlatforms) = postSolution
		{74B15727-DF5A-4C4B-83C5-F0AB1501A26D}.Debug|Any CPU.ActiveCfg = Debug|Any CPU
		{74B15727-DF5A-4C4B-83C5-F0AB1501A26D}.Debug|Any CPU.Build.0 = Debug|Any CPU
		{74B15727-DF5A-4C4B-83C5-F0AB1501A26D}.Release|Any CPU.ActiveCfg = Release|Any CPU
		{74B15727-DF5A-4C4B-83C5-F0AB1501A26D}.Release|Any CPU.Build.0 = Release|Any CPU
		{A86511F7-4478-49E0-9F60-7EEBDA7A7149}.Debug|Any CPU.ActiveCfg = Debug|Any CPU
		{A86511F7-4478-49E0-9F60-7EEBDA7A7149}.Debug|Any CPU.Build.0 = Debug|Any CPU
		{A86511F7-4478-49E0-9F60-7EEBDA7A7149}.Release|Any CPU.ActiveCfg = Release|Any CPU
		{A86511F7-4478-49E0-9F60-7EEBDA7A7149}.Release|Any CPU.Build.0 = Release|Any CPU
	EndGlobalSection
	GlobalSection(SolutionProperties) = preSolution
		HideSolutionNode = FALSE
	EndGlobalSection
	GlobalSection(ExtensibilityGlobals) = postSolution
		SolutionGuid = {2008C944-E353-4FA9-ACDB-AF0CD83C7FC4}
	EndGlobalSection
EndGlobal
